
Microsoft Visual Studio Solution File, Format Version 12.00
# Visual Studio Version 17
VisualStudioVersion = 17.5.33516.290
MinimumVisualStudioVersion = 10.0.40219.1
Project("{FAE04EC0-301F-11D3-BF4B-00C04F79EFBC}") = "RESTClientCLI", "RESTClientCLI.csproj", "{8687714A-549D-4995-9624-4F84840F486B}"
EndProject
Global
	GlobalSection(SolutionConfigurationPlatforms) = preSolution
		Debug|Any CPU = Debug|Any CPU
		Release|Any CPU = Release|Any CPU
	EndGlobalSection
	GlobalSection(ProjectConfigurationPlatforms) = postSolution
		{8687714A-549D-4995-9624-4F84840F486B}.Debug|Any CPU.ActiveCfg = Debug|Any CPU
		{8687714A-549D-4995-9624-4F84840F486B}.Debug|Any CPU.Build.0 = Debug|Any CPU
		{8687714A-549D-4995-9624-4F84840F486B}.Release|Any CPU.ActiveCfg = Release|Any CPU
		{8687714A-549D-4995-9624-4F84840F486B}.Release|Any CPU.Build.0 = Release|Any CPU
	EndGlobalSection
	GlobalSection(SolutionProperties) = preSolution
		HideSolutionNode = FALSE
	EndGlobalSection
	GlobalSection(ExtensibilityGlobals) = postSolution
		SolutionGuid = {FABCAAB5-1FA7-40B8-ACEC-D51AE902FAB2}
	EndGlobalSection
EndGlobal
